{
  "pins" : [
    {
      "identity" : "kingfisher",
      "kind" : "remoteSourceControl",
      "location" : "https://github.com/onevcat/Kingfisher",
      "state" : {
        "branch" : "master",
        "revision" : "6746e48283ec2ab2d0f05935acbbf7e9767f555f"
      }
    },
    {
      "identity" : "mytvlibrary",
      "kind" : "remoteSourceControl",
      "location" : "https://github.com/aeddang/MyTvLibrary",
      "state" : {
        "branch" : "master",
        "revision" : "44272075ff496612731a3d3bd3f0b272bf44cb2f"
      }
    }
  ],
  "version" : 2
}
