{
  "pins" : [
    {
      "identity" : "kingfisher",
      "kind" : "remoteSourceControl",
      "location" : "https://github.com/onevcat/Kingfisher",
      "state" : {
        "branch" : "master",
        "revision" : "6746e48283ec2ab2d0f05935acbbf7e9767f555f"
      }
    },
    {
      "identity" : "mytvlibrary",
      "kind" : "remoteSourceControl",
      "location" : "https://github.com/aeddang/MyTvLibrary",
      "state" : {
        "branch" : "master",
        "revision" : "de849e3318b99e276ec6b87d69bd6d62da9d6792"
      }
    }
  ],
  "version" : 2
}
